
Microsoft Visual Studio Solution File, Format Version 12.00
# Visual Studio Version 17
VisualStudioVersion = 17.1.32421.90
MinimumVisualStudioVersion = 10.0.40219.1
Project("{FAE04EC0-301F-11D3-BF4B-00C04F79EFBC}") = "TDX Extended", "TDX Extended.csproj", "{004CCC1C-0686-4B1B-9B00-D5D7522015EB}"
EndProject
Global
	GlobalSection(SolutionConfigurationPlatforms) = preSolution
		Debug|Any CPU = Debug|Any CPU
		Release|Any CPU = Release|Any CPU
	EndGlobalSection
	GlobalSection(ProjectConfigurationPlatforms) = postSolution
		{004CCC1C-0686-4B1B-9B00-D5D7522015EB}.Debug|Any CPU.ActiveCfg = Debug|Any CPU
		{004CCC1C-0686-4B1B-9B00-D5D7522015EB}.Debug|Any CPU.Build.0 = Debug|Any CPU
		{004CCC1C-0686-4B1B-9B00-D5D7522015EB}.Release|Any CPU.ActiveCfg = Release|Any CPU
		{004CCC1C-0686-4B1B-9B00-D5D7522015EB}.Release|Any CPU.Build.0 = Release|Any CPU
	EndGlobalSection
	GlobalSection(SolutionProperties) = preSolution
		HideSolutionNode = FALSE
	EndGlobalSection
	GlobalSection(ExtensibilityGlobals) = postSolution
		SolutionGuid = {3E325A66-07A4-4606-995C-19A5873A4210}
	EndGlobalSection
EndGlobal
